// !$*UTF8*$!
{
	archiveVersion = 1;
	classes = {
	};
	objectVersion = 56;
	objects = {

/* Begin PBXBuildFile section */
		16434B0F2BAF68D20025F16B /* main.swift in Sources */ = {isa = PBXBuildFile; fileRef = 16434B0E2BAF68D20025F16B /* main.swift */; };
		169E7CF72BFBE36B00EB541B /* InstructionBuilder.swift in Sources */ = {isa = PBXBuildFile; fileRef = 169E7CF62BFBE36B00EB541B /* InstructionBuilder.swift */; };
		169E7CF92BFBE39800EB541B /* Command.swift in Sources */ = {isa = PBXBuildFile; fileRef = 169E7CF82BFBE39800EB541B /* Command.swift */; };
		169E7CFB2BFBE3B100EB541B /* Microcode.swift in Sources */ = {isa = PBXBuildFile; fileRef = 169E7CFA2BFBE3B100EB541B /* Microcode.swift */; };
		169E7CFD2BFBE3D600EB541B /* Assemblable.swift in Sources */ = {isa = PBXBuildFile; fileRef = 169E7CFC2BFBE3D600EB541B /* Assemblable.swift */; };
		169E7CFF2BFBE3EB00EB541B /* Content.swift in Sources */ = {isa = PBXBuildFile; fileRef = 169E7CFE2BFBE3EB00EB541B /* Content.swift */; };
		169E7D012BFBE40400EB541B /* ParseState.swift in Sources */ = {isa = PBXBuildFile; fileRef = 169E7D002BFBE40400EB541B /* ParseState.swift */; };
		169E7D032BFBE41E00EB541B /* Org.swift in Sources */ = {isa = PBXBuildFile; fileRef = 169E7D022BFBE41E00EB541B /* Org.swift */; };
		169E7D052BFBE42B00EB541B /* Label.swift in Sources */ = {isa = PBXBuildFile; fileRef = 169E7D042BFBE42B00EB541B /* Label.swift */; };
		169E7D092BFBE48000EB541B /* Flag.swift in Sources */ = {isa = PBXBuildFile; fileRef = 169E7D082BFBE48000EB541B /* Flag.swift */; };
		169E7D0D2BFBE76200EB541B /* Firmware.swift in Sources */ = {isa = PBXBuildFile; fileRef = 169E7D0C2BFBE76200EB541B /* Firmware.swift */; };
		169E7D112BFBEBFC00EB541B /* Globals.swift in Sources */ = {isa = PBXBuildFile; fileRef = 169E7D102BFBEBFC00EB541B /* Globals.swift */; };
/* End PBXBuildFile section */

/* Begin PBXCopyFilesBuildPhase section */
		16434B092BAF68D20025F16B /* CopyFiles */ = {
			isa = PBXCopyFilesBuildPhase;
			buildActionMask = 2147483647;
			dstPath = /usr/share/man/man1/;
			dstSubfolderSpec = 0;
			files = (
			);
			runOnlyForDeploymentPostprocessing = 1;
		};
/* End PBXCopyFilesBuildPhase section */

/* Begin PBXFileReference section */
		16434B0B2BAF68D20025F16B /* becware */ = {isa = PBXFileReference; explicitFileType = "compiled.mach-o.executable"; includeInIndex = 0; path = becware; sourceTree = BUILT_PRODUCTS_DIR; };
		16434B0E2BAF68D20025F16B /* main.swift */ = {isa = PBXFileReference; lastKnownFileType = sourcecode.swift; path = main.swift; sourceTree = "<group>"; };
		169E7CF62BFBE36B00EB541B /* InstructionBuilder.swift */ = {isa = PBXFileReference; lastKnownFileType = sourcecode.swift; path = InstructionBuilder.swift; sourceTree = "<group>"; };
		169E7CF82BFBE39800EB541B /* Command.swift */ = {isa = PBXFileReference; lastKnownFileType = sourcecode.swift; path = Command.swift; sourceTree = "<group>"; };
		169E7CFA2BFBE3B100EB541B /* Microcode.swift */ = {isa = PBXFileReference; lastKnownFileType = sourcecode.swift; path = Microcode.swift; sourceTree = "<group>"; };
		169E7CFC2BFBE3D600EB541B /* Assemblable.swift */ = {isa = PBXFileReference; lastKnownFileType = sourcecode.swift; path = Assemblable.swift; sourceTree = "<group>"; };
		169E7CFE2BFBE3EB00EB541B /* Content.swift */ = {isa = PBXFileReference; lastKnownFileType = sourcecode.swift; path = Content.swift; sourceTree = "<group>"; };
		169E7D002BFBE40400EB541B /* ParseState.swift */ = {isa = PBXFileReference; lastKnownFileType = sourcecode.swift; path = ParseState.swift; sourceTree = "<group>"; };
		169E7D022BFBE41E00EB541B /* Org.swift */ = {isa = PBXFileReference; lastKnownFileType = sourcecode.swift; path = Org.swift; sourceTree = "<group>"; };
		169E7D042BFBE42B00EB541B /* Label.swift */ = {isa = PBXFileReference; lastKnownFileType = sourcecode.swift; path = Label.swift; sourceTree = "<group>"; };
		169E7D082BFBE48000EB541B /* Flag.swift */ = {isa = PBXFileReference; lastKnownFileType = sourcecode.swift; path = Flag.swift; sourceTree = "<group>"; };
		169E7D0C2BFBE76200EB541B /* Firmware.swift */ = {isa = PBXFileReference; lastKnownFileType = sourcecode.swift; path = Firmware.swift; sourceTree = "<group>"; };
		169E7D102BFBEBFC00EB541B /* Globals.swift */ = {isa = PBXFileReference; lastKnownFileType = sourcecode.swift; path = Globals.swift; sourceTree = "<group>"; };
/* End PBXFileReference section */

/* Begin PBXFrameworksBuildPhase section */
		16434B082BAF68D20025F16B /* Frameworks */ = {
			isa = PBXFrameworksBuildPhase;
			buildActionMask = 2147483647;
			files = (
			);
			runOnlyForDeploymentPostprocessing = 0;
		};
/* End PBXFrameworksBuildPhase section */

/* Begin PBXGroup section */
		16434B022BAF68D20025F16B = {
			isa = PBXGroup;
			children = (
				16434B0D2BAF68D20025F16B /* becware */,
				16434B0C2BAF68D20025F16B /* Products */,
			);
			sourceTree = "<group>";
		};
		16434B0C2BAF68D20025F16B /* Products */ = {
			isa = PBXGroup;
			children = (
				16434B0B2BAF68D20025F16B /* becware */,
			);
			name = Products;
			sourceTree = "<group>";
		};
		16434B0D2BAF68D20025F16B /* becware */ = {
			isa = PBXGroup;
			children = (
				169E7D0F2BFBEB8E00EB541B /* Assembly */,
				169E7D0E2BFBEB8900EB541B /* Firmware */,
				16434B0E2BAF68D20025F16B /* main.swift */,
				169E7D102BFBEBFC00EB541B /* Globals.swift */,
			);
			path = becware;
			sourceTree = "<group>";
		};
		169E7D0E2BFBEB8900EB541B /* Firmware */ = {
			isa = PBXGroup;
			children = (
				169E7CF82BFBE39800EB541B /* Command.swift */,
				169E7D0C2BFBE76200EB541B /* Firmware.swift */,
				169E7D082BFBE48000EB541B /* Flag.swift */,
				169E7CFA2BFBE3B100EB541B /* Microcode.swift */,
			);
			path = Firmware;
			sourceTree = "<group>";
		};
		169E7D0F2BFBEB8E00EB541B /* Assembly */ = {
			isa = PBXGroup;
			children = (
				169E7CFC2BFBE3D600EB541B /* Assemblable.swift */,
				169E7CFE2BFBE3EB00EB541B /* Content.swift */,
				169E7CF62BFBE36B00EB541B /* InstructionBuilder.swift */,
				169E7D042BFBE42B00EB541B /* Label.swift */,
				169E7D022BFBE41E00EB541B /* Org.swift */,
				169E7D002BFBE40400EB541B /* ParseState.swift */,
			);
			path = Assembly;
			sourceTree = "<group>";
		};
/* End PBXGroup section */

/* Begin PBXNativeTarget section */
		16434B0A2BAF68D20025F16B /* becware */ = {
			isa = PBXNativeTarget;
			buildConfigurationList = 16434B122BAF68D20025F16B /* Build configuration list for PBXNativeTarget "becware" */;
			buildPhases = (
				16434B072BAF68D20025F16B /* Sources */,
				16434B082BAF68D20025F16B /* Frameworks */,
				16434B092BAF68D20025F16B /* CopyFiles */,
			);
			buildRules = (
			);
			dependencies = (
			);
			name = becware;
			productName = becware;
			productReference = 16434B0B2BAF68D20025F16B /* becware */;
			productType = "com.apple.product-type.tool";
		};
/* End PBXNativeTarget section */

/* Begin PBXProject section */
		16434B032BAF68D20025F16B /* Project object */ = {
			isa = PBXProject;
			attributes = {
				BuildIndependentTargetsInParallel = 1;
				LastSwiftUpdateCheck = 1530;
				LastUpgradeCheck = 1540;
				TargetAttributes = {
					16434B0A2BAF68D20025F16B = {
						CreatedOnToolsVersion = 15.3;
					};
				};
			};
			buildConfigurationList = 16434B062BAF68D20025F16B /* Build configuration list for PBXProject "becware" */;
			compatibilityVersion = "Xcode 14.0";
			developmentRegion = en;
			hasScannedForEncodings = 0;
			knownRegions = (
				en,
				Base,
			);
			mainGroup = 16434B022BAF68D20025F16B;
			productRefGroup = 16434B0C2BAF68D20025F16B /* Products */;
			projectDirPath = "";
			projectRoot = "";
			targets = (
				16434B0A2BAF68D20025F16B /* becware */,
			);
		};
/* End PBXProject section */

/* Begin PBXSourcesBuildPhase section */
		16434B072BAF68D20025F16B /* Sources */ = {
			isa = PBXSourcesBuildPhase;
			buildActionMask = 2147483647;
			files = (
				169E7CF72BFBE36B00EB541B /* InstructionBuilder.swift in Sources */,
				16434B0F2BAF68D20025F16B /* main.swift in Sources */,
				169E7CFD2BFBE3D600EB541B /* Assemblable.swift in Sources */,
				169E7CF92BFBE39800EB541B /* Command.swift in Sources */,
				169E7D032BFBE41E00EB541B /* Org.swift in Sources */,
				169E7D112BFBEBFC00EB541B /* Globals.swift in Sources */,
				169E7D0D2BFBE76200EB541B /* Firmware.swift in Sources */,
				169E7D092BFBE48000EB541B /* Flag.swift in Sources */,
				169E7D052BFBE42B00EB541B /* Label.swift in Sources */,
				169E7D012BFBE40400EB541B /* ParseState.swift in Sources */,
				169E7CFB2BFBE3B100EB541B /* Microcode.swift in Sources */,
				169E7CFF2BFBE3EB00EB541B /* Content.swift in Sources */,
			);
			runOnlyForDeploymentPostprocessing = 0;
		};
/* End PBXSourcesBuildPhase section */

/* Begin XCBuildConfiguration section */
		16434B102BAF68D20025F16B /* Debug */ = {
			isa = XCBuildConfiguration;
			buildSettings = {
				ALWAYS_SEARCH_USER_PATHS = NO;
				ASSETCATALOG_COMPILER_GENERATE_SWIFT_ASSET_SYMBOL_EXTENSIONS = YES;
				CLANG_ANALYZER_NONNULL = YES;
				CLANG_ANALYZER_NUMBER_OBJECT_CONVERSION = YES_AGGRESSIVE;
				CLANG_CXX_LANGUAGE_STANDARD = "gnu++20";
				CLANG_ENABLE_MODULES = YES;
				CLANG_ENABLE_OBJC_ARC = YES;
				CLANG_ENABLE_OBJC_WEAK = YES;
				CLANG_WARN_BLOCK_CAPTURE_AUTORELEASING = YES;
				CLANG_WARN_BOOL_CONVERSION = YES;
				CLANG_WARN_COMMA = YES;
				CLANG_WARN_CONSTANT_CONVERSION = YES;
				CLANG_WARN_DEPRECATED_OBJC_IMPLEMENTATIONS = YES;
				CLANG_WARN_DIRECT_OBJC_ISA_USAGE = YES_ERROR;
				CLANG_WARN_DOCUMENTATION_COMMENTS = YES;
				CLANG_WARN_EMPTY_BODY = YES;
				CLANG_WARN_ENUM_CONVERSION = YES;
				CLANG_WARN_INFINITE_RECURSION = YES;
				CLANG_WARN_INT_CONVERSION = YES;
				CLANG_WARN_NON_LITERAL_NULL_CONVERSION = YES;
				CLANG_WARN_OBJC_IMPLICIT_RETAIN_SELF = YES;
				CLANG_WARN_OBJC_LITERAL_CONVERSION = YES;
				CLANG_WARN_OBJC_ROOT_CLASS = YES_ERROR;
				CLANG_WARN_QUOTED_INCLUDE_IN_FRAMEWORK_HEADER = YES;
				CLANG_WARN_RANGE_LOOP_ANALYSIS = YES;
				CLANG_WARN_STRICT_PROTOTYPES = YES;
				CLANG_WARN_SUSPICIOUS_MOVE = YES;
				CLANG_WARN_UNGUARDED_AVAILABILITY = YES_AGGRESSIVE;
				CLANG_WARN_UNREACHABLE_CODE = YES;
				CLANG_WARN__DUPLICATE_METHOD_MATCH = YES;
				COPY_PHASE_STRIP = NO;
				DEAD_CODE_STRIPPING = YES;
				DEBUG_INFORMATION_FORMAT = dwarf;
				ENABLE_STRICT_OBJC_MSGSEND = YES;
				ENABLE_TESTABILITY = YES;
				ENABLE_USER_SCRIPT_SANDBOXING = YES;
				GCC_C_LANGUAGE_STANDARD = gnu17;
				GCC_DYNAMIC_NO_PIC = NO;
				GCC_NO_COMMON_BLOCKS = YES;
				GCC_OPTIMIZATION_LEVEL = 0;
				GCC_PREPROCESSOR_DEFINITIONS = (
					"DEBUG=1",
					"$(inherited)",
				);
				GCC_WARN_64_TO_32_BIT_CONVERSION = YES;
				GCC_WARN_ABOUT_RETURN_TYPE = YES_ERROR;
				GCC_WARN_UNDECLARED_SELECTOR = YES;
				GCC_WARN_UNINITIALIZED_AUTOS = YES_AGGRESSIVE;
				GCC_WARN_UNUSED_FUNCTION = YES;
				GCC_WARN_UNUSED_VARIABLE = YES;
				LOCALIZATION_PREFERS_STRING_CATALOGS = YES;
				MACOSX_DEPLOYMENT_TARGET = 14.4;
				MTL_ENABLE_DEBUG_INFO = INCLUDE_SOURCE;
				MTL_FAST_MATH = YES;
				ONLY_ACTIVE_ARCH = YES;
				SDKROOT = macosx;
				SWIFT_ACTIVE_COMPILATION_CONDITIONS = "DEBUG $(inherited)";
				SWIFT_OPTIMIZATION_LEVEL = "-Onone";
			};
			name = Debug;
		};
		16434B112BAF68D20025F16B /* Release */ = {
			isa = XCBuildConfiguration;
			buildSettings = {
				ALWAYS_SEARCH_USER_PATHS = NO;
				ASSETCATALOG_COMPILER_GENERATE_SWIFT_ASSET_SYMBOL_EXTENSIONS = YES;
				CLANG_ANALYZER_NONNULL = YES;
				CLANG_ANALYZER_NUMBER_OBJECT_CONVERSION = YES_AGGRESSIVE;
				CLANG_CXX_LANGUAGE_STANDARD = "gnu++20";
				CLANG_ENABLE_MODULES = YES;
				CLANG_ENABLE_OBJC_ARC = YES;
				CLANG_ENABLE_OBJC_WEAK = YES;
				CLANG_WARN_BLOCK_CAPTURE_AUTORELEASING = YES;
				CLANG_WARN_BOOL_CONVERSION = YES;
				CLANG_WARN_COMMA = YES;
				CLANG_WARN_CONSTANT_CONVERSION = YES;
				CLANG_WARN_DEPRECATED_OBJC_IMPLEMENTATIONS = YES;
				CLANG_WARN_DIRECT_OBJC_ISA_USAGE = YES_ERROR;
				CLANG_WARN_DOCUMENTATION_COMMENTS = YES;
				CLANG_WARN_EMPTY_BODY = YES;
				CLANG_WARN_ENUM_CONVERSION = YES;
				CLANG_WARN_INFINITE_RECURSION = YES;
				CLANG_WARN_INT_CONVERSION = YES;
				CLANG_WARN_NON_LITERAL_NULL_CONVERSION = YES;
				CLANG_WARN_OBJC_IMPLICIT_RETAIN_SELF = YES;
				CLANG_WARN_OBJC_LITERAL_CONVERSION = YES;
				CLANG_WARN_OBJC_ROOT_CLASS = YES_ERROR;
				CLANG_WARN_QUOTED_INCLUDE_IN_FRAMEWORK_HEADER = YES;
				CLANG_WARN_RANGE_LOOP_ANALYSIS = YES;
				CLANG_WARN_STRICT_PROTOTYPES = YES;
				CLANG_WARN_SUSPICIOUS_MOVE = YES;
				CLANG_WARN_UNGUARDED_AVAILABILITY = YES_AGGRESSIVE;
				CLANG_WARN_UNREACHABLE_CODE = YES;
				CLANG_WARN__DUPLICATE_METHOD_MATCH = YES;
				COPY_PHASE_STRIP = NO;
				DEAD_CODE_STRIPPING = YES;
				DEBUG_INFORMATION_FORMAT = "dwarf-with-dsym";
				ENABLE_NS_ASSERTIONS = NO;
				ENABLE_STRICT_OBJC_MSGSEND = YES;
				ENABLE_USER_SCRIPT_SANDBOXING = YES;
				GCC_C_LANGUAGE_STANDARD = gnu17;
				GCC_NO_COMMON_BLOCKS = YES;
				GCC_WARN_64_TO_32_BIT_CONVERSION = YES;
				GCC_WARN_ABOUT_RETURN_TYPE = YES_ERROR;
				GCC_WARN_UNDECLARED_SELECTOR = YES;
				GCC_WARN_UNINITIALIZED_AUTOS = YES_AGGRESSIVE;
				GCC_WARN_UNUSED_FUNCTION = YES;
				GCC_WARN_UNUSED_VARIABLE = YES;
				LOCALIZATION_PREFERS_STRING_CATALOGS = YES;
				MACOSX_DEPLOYMENT_TARGET = 14.4;
				MTL_ENABLE_DEBUG_INFO = NO;
				MTL_FAST_MATH = YES;
				SDKROOT = macosx;
				SWIFT_COMPILATION_MODE = wholemodule;
			};
			name = Release;
		};
		16434B132BAF68D20025F16B /* Debug */ = {
			isa = XCBuildConfiguration;
			buildSettings = {
				"CODE_SIGN_IDENTITY[sdk=macosx*]" = "-";
				CODE_SIGN_STYLE = Automatic;
				DEAD_CODE_STRIPPING = YES;
				DEVELOPMENT_TEAM = X727JSJUGJ;
				ENABLE_HARDENED_RUNTIME = YES;
				PRODUCT_NAME = "$(TARGET_NAME)";
				SWIFT_VERSION = 5.0;
			};
			name = Debug;
		};
		16434B142BAF68D20025F16B /* Release */ = {
			isa = XCBuildConfiguration;
			buildSettings = {
				"CODE_SIGN_IDENTITY[sdk=macosx*]" = "-";
				CODE_SIGN_STYLE = Automatic;
				DEAD_CODE_STRIPPING = YES;
				DEVELOPMENT_TEAM = X727JSJUGJ;
				ENABLE_HARDENED_RUNTIME = YES;
				PRODUCT_NAME = "$(TARGET_NAME)";
				SWIFT_VERSION = 5.0;
			};
			name = Release;
		};
/* End XCBuildConfiguration section */

/* Begin XCConfigurationList section */
		16434B062BAF68D20025F16B /* Build configuration list for PBXProject "becware" */ = {
			isa = XCConfigurationList;
			buildConfigurations = (
				16434B102BAF68D20025F16B /* Debug */,
				16434B112BAF68D20025F16B /* Release */,
			);
			defaultConfigurationIsVisible = 0;
			defaultConfigurationName = Release;
		};
		16434B122BAF68D20025F16B /* Build configuration list for PBXNativeTarget "becware" */ = {
			isa = XCConfigurationList;
			buildConfigurations = (
				16434B132BAF68D20025F16B /* Debug */,
				16434B142BAF68D20025F16B /* Release */,
			);
			defaultConfigurationIsVisible = 0;
			defaultConfigurationName = Release;
		};
/* End XCConfigurationList section */
	};
	rootObject = 16434B032BAF68D20025F16B /* Project object */;
}
